
Microsoft Visual Studio Solution File, Format Version 12.00
# Visual Studio Version 16
VisualStudioVersion = 16.0.30804.86
MinimumVisualStudioVersion = 10.0.40219.1
Project("{FAE04EC0-301F-11D3-BF4B-00C04F79EFBC}") = "NotariatProjetUTC503", "NotariatProjetUTC503.csproj", "{D8996303-69EB-4766-B039-3F7D9D3484AD}"
EndProject
Global
	GlobalSection(SolutionConfigurationPlatforms) = preSolution
		Debug|Any CPU = Debug|Any CPU
		Release|Any CPU = Release|Any CPU
	EndGlobalSection
	GlobalSection(ProjectConfigurationPlatforms) = postSolution
		{D8996303-69EB-4766-B039-3F7D9D3484AD}.Debug|Any CPU.ActiveCfg = Debug|Any CPU
		{D8996303-69EB-4766-B039-3F7D9D3484AD}.Debug|Any CPU.Build.0 = Debug|Any CPU
		{D8996303-69EB-4766-B039-3F7D9D3484AD}.Release|Any CPU.ActiveCfg = Release|Any CPU
		{D8996303-69EB-4766-B039-3F7D9D3484AD}.Release|Any CPU.Build.0 = Release|Any CPU
	EndGlobalSection
	GlobalSection(SolutionProperties) = preSolution
		HideSolutionNode = FALSE
	EndGlobalSection
	GlobalSection(ExtensibilityGlobals) = postSolution
		SolutionGuid = {11111D23-61D4-4533-89F3-3730EBB21BA9}
	EndGlobalSection
EndGlobal
